
Microsoft Visual Studio Solution File, Format Version 12.00
# Visual Studio 15
VisualStudioVersion = 15.0.28307.645
MinimumVisualStudioVersion = 10.0.40219.1
Project("{FAE04EC0-301F-11D3-BF4B-00C04F79EFBC}") = "EuromonitorLessThan5", "EuromonitorLessThan5\EuromonitorLessThan5.csproj", "{CC5E80F3-54E4-4B4D-ADAC-E115A10CCD5B}"
EndProject
Project("{FAE04EC0-301F-11D3-BF4B-00C04F79EFBC}") = "EuromonitorUnitTests", "EuromonitorUnitTests\EuromonitorUnitTests.csproj", "{718AAFB0-87A1-4923-A129-F4AB3BF15D27}"
EndProject
Global
	GlobalSection(SolutionConfigurationPlatforms) = preSolution
		Debug|Any CPU = Debug|Any CPU
		Release|Any CPU = Release|Any CPU
	EndGlobalSection
	GlobalSection(ProjectConfigurationPlatforms) = postSolution
		{CC5E80F3-54E4-4B4D-ADAC-E115A10CCD5B}.Debug|Any CPU.ActiveCfg = Debug|Any CPU
		{CC5E80F3-54E4-4B4D-ADAC-E115A10CCD5B}.Debug|Any CPU.Build.0 = Debug|Any CPU
		{CC5E80F3-54E4-4B4D-ADAC-E115A10CCD5B}.Release|Any CPU.ActiveCfg = Release|Any CPU
		{CC5E80F3-54E4-4B4D-ADAC-E115A10CCD5B}.Release|Any CPU.Build.0 = Release|Any CPU
		{718AAFB0-87A1-4923-A129-F4AB3BF15D27}.Debug|Any CPU.ActiveCfg = Debug|Any CPU
		{718AAFB0-87A1-4923-A129-F4AB3BF15D27}.Debug|Any CPU.Build.0 = Debug|Any CPU
		{718AAFB0-87A1-4923-A129-F4AB3BF15D27}.Release|Any CPU.ActiveCfg = Release|Any CPU
		{718AAFB0-87A1-4923-A129-F4AB3BF15D27}.Release|Any CPU.Build.0 = Release|Any CPU
	EndGlobalSection
	GlobalSection(SolutionProperties) = preSolution
		HideSolutionNode = FALSE
	EndGlobalSection
	GlobalSection(ExtensibilityGlobals) = postSolution
		SolutionGuid = {1829D005-7ED7-41BC-BD96-91240EED297A}
	EndGlobalSection
EndGlobal
